{
    "_readme": [
        "This file locks the dependencies of your project to a known state",
        "Read more about it at https://getcomposer.org/doc/01-basic-usage.md#composer-lock-the-lock-file",
        "This file is @generated automatically"
    ],
    "content-hash": "1e7201dc5035806e94fc4022c80e188d",
    "packages": [
        {
            "name": "helostore/adls-client",
            "version": "1.1.5",
            "source": {
                "type": "git",
                "url": "git@git.helostore.com:helostore/adls-client.git",
                "reference": "e780d4fdfebef1ad0c05e7c233d80b6c5c52250c"
            },
            "require-dev": {
                "guzzlehttp/guzzle": "^6.3",
                "phpunit/phpunit": "^6.5",
                "symfony/var-dumper": "^3.4"
            },
            "type": "library",
            "autoload": {
                "psr-4": {
                    "HeloStore\\": "src/HeloStore/"
                }
            },
            "autoload-dev": {
                "psr-4": {
                    "HeloStore\\": "src/HeloStore/",
                    "HeloStore\\Test\\": "tests/unit-tests/"
                }
            },
            "authors": [
                {
                    "name": "HELOstore",
                    "email": "sales@helostore.com",
                    "homepage": "https://helostore.com",
                    "role": "Developer"
                }
            ],
            "description": "License client for ADLS module",
            "support": {
                "email": "contact@helostore.com"
            },
            "time": "2020-04-12T11:37:53+00:00"
        }
    ],
    "packages-dev": [],
    "aliases": [],
    "minimum-stability": "stable",
    "stability-flags": [],
    "prefer-stable": false,
    "prefer-lowest": false,
    "platform": [],
    "platform-dev": []
}
