{
    "_readme": [
        "This file locks the dependencies of your project to a known state",
        "Read more about it at https://getcomposer.org/doc/01-basic-usage.md#installing-dependencies",
        "This file is @generated automatically"
    ],
    "content-hash": "1c0d0cd43c31ded37b5840b4e7e2aaf8",
    "packages": [
        {
            "name": "helostore/adls-client",
            "version": "1.2.14",
            "source": {
                "type": "git",
                "url": "git@github.com:helostore/adls-client.git",
                "reference": "9b7ae7dff1115dd802309a4b0a894e1269431bd1"
            },
            "dist": {
                "type": "zip",
                "url": "https://api.github.com/repos/helostore/adls-client/zipball/9b7ae7dff1115dd802309a4b0a894e1269431bd1",
                "reference": "9b7ae7dff1115dd802309a4b0a894e1269431bd1",
                "shasum": ""
            },
            "require-dev": {
                "guzzlehttp/guzzle": "^6.3",
                "phpunit/phpunit": "^6.5",
                "symfony/var-dumper": "^3.4"
            },
            "type": "library",
            "autoload": {
                "psr-4": {
                    "HeloStore\\": "src/HeloStore/"
                }
            },
            "autoload-dev": {
                "psr-4": {
                    "HeloStore\\": "src/HeloStore/",
                    "HeloStore\\Test\\": "tests/unit-tests/"
                }
            },
            "archive": {
                "exclude": [
                    "/tests"
                ]
            },
            "authors": [
                {
                    "name": "HELOstore",
                    "email": "sales@helostore.com",
                    "homepage": "https://helostore.com",
                    "role": "Developer"
                }
            ],
            "description": "License client for ADLS module",
            "support": {
                "email": "contact@helostore.com"
            },
            "time": "2020-06-16T15:11:42+00:00"
        }
    ],
    "packages-dev": [],
    "aliases": [],
    "minimum-stability": "stable",
    "stability-flags": [],
    "prefer-stable": false,
    "prefer-lowest": false,
    "platform": [],
    "platform-dev": [],
    "plugin-api-version": "2.3.0"
}
